
Microsoft Visual Studio Solution File, Format Version 12.00
# Visual Studio Version 16
VisualStudioVersion = 16.0.28729.10
MinimumVisualStudioVersion = 10.0.40219.1
Project("{FAE04EC0-301F-11D3-BF4B-00C04F79EFBC}") = "ShellSample.Android", "ShellSample.Android\ShellSample.Android.csproj", "{AFAFCC69-EA8B-487C-BAF8-5427064B184E}"
EndProject
Project("{FAE04EC0-301F-11D3-BF4B-00C04F79EFBC}") = "ShellSample.iOS", "ShellSample.iOS\ShellSample.iOS.csproj", "{74271853-6E6C-4B32-A50B-26F1FC3B2F71}"
EndProject
Project("{9A19103F-16F7-4668-BE54-9A1E7A4F7556}") = "ShellSample", "ShellSample\ShellSample.csproj", "{AD3318ED-2211-46D6-AD97-C9632DAA836A}"
EndProject
Project("{FAE04EC0-301F-11D3-BF4B-00C04F79EFBC}") = "ShellSample.UWP", "ShellSample.UWP\ShellSample.UWP.csproj", "{155AB729-F46C-4C1E-8E70-EFDC8ECF786E}"
EndProject
Project("{2150E333-8FDC-42A3-9474-1A3956D46DE8}") = "Xamarin.Forms", "Xamarin.Forms", "{5E5233A2-4E88-409B-BC31-999719D233A4}"
EndProject
Project("{9A19103F-16F7-4668-BE54-9A1E7A4F7556}") = "Xamarin.Forms.Core", "..\Xamarin.Forms\Xamarin.Forms.Core\Xamarin.Forms.Core.csproj", "{CCEFB0B4-2ECA-4C14-811C-1838342F69E1}"
EndProject
Project("{9A19103F-16F7-4668-BE54-9A1E7A4F7556}") = "Xamarin.Forms.Platform", "..\Xamarin.Forms\Xamarin.Forms.Platform\Xamarin.Forms.Platform.csproj", "{70FADF6C-C2A2-454F-B0DB-D4C427A8778D}"
EndProject
Project("{FAE04EC0-301F-11D3-BF4B-00C04F79EFBC}") = "Xamarin.Forms.Platform.UAP", "..\Xamarin.Forms\Xamarin.Forms.Platform.UAP\Xamarin.Forms.Platform.UAP.csproj", "{00D8D049-FFAA-4759-8FC9-1ECA30777F72}"
EndProject
Project("{9A19103F-16F7-4668-BE54-9A1E7A4F7556}") = "Xamarin.Forms.Xaml", "..\Xamarin.Forms\Xamarin.Forms.Xaml\Xamarin.Forms.Xaml.csproj", "{06ECAA1B-0B1E-4294-ACD3-63B35C8108E0}"
EndProject
Project("{FAE04EC0-301F-11D3-BF4B-00C04F79EFBC}") = "Xamarin.Forms.Platform.iOS", "..\Xamarin.Forms\Xamarin.Forms.Platform.iOS\Xamarin.Forms.Platform.iOS.csproj", "{271193C1-6E7C-429C-A36D-3F1BE5267231}"
EndProject
Project("{FAE04EC0-301F-11D3-BF4B-00C04F79EFBC}") = "Xamarin.Forms.Platform.Android", "..\Xamarin.Forms\Xamarin.Forms.Platform.Android\Xamarin.Forms.Platform.Android.csproj", "{0E16E70A-D6DD-4323-AD5D-363ABFF42D6A}"
EndProject
Project("{FAE04EC0-301F-11D3-BF4B-00C04F79EFBC}") = "Xamarin.Forms.Platform.Android.FormsViewGroup", "..\Xamarin.Forms\Xamarin.Forms.Platform.Android.FormsViewGroup\Xamarin.Forms.Platform.Android.FormsViewGroup.csproj", "{3B72465B-ACAE-43AE-9327-10F372FE5F80}"
EndProject
Project("{9A19103F-16F7-4668-BE54-9A1E7A4F7556}") = "Gastropod", "Gastropod\Gastropod.csproj", "{633F9238-DD65-4F68-884D-D44EF461116C}"
EndProject
Project("{9A19103F-16F7-4668-BE54-9A1E7A4F7556}") = "Xamarin.Forms.Build.Tasks", "..\Xamarin.Forms\Xamarin.Forms.Build.Tasks\Xamarin.Forms.Build.Tasks.csproj", "{20144318-B3FE-438F-B9E6-14712D8B12C2}"
EndProject
Global
	GlobalSection(SolutionConfigurationPlatforms) = preSolution
		Debug|Any CPU = Debug|Any CPU
		Debug|ARM = Debug|ARM
		Debug|ARM64 = Debug|ARM64
		Debug|iPhone = Debug|iPhone
		Debug|iPhoneSimulator = Debug|iPhoneSimulator
		Debug|x64 = Debug|x64
		Debug|x86 = Debug|x86
		Release|Any CPU = Release|Any CPU
		Release|ARM = Release|ARM
		Release|ARM64 = Release|ARM64
		Release|iPhone = Release|iPhone
		Release|iPhoneSimulator = Release|iPhoneSimulator
		Release|x64 = Release|x64
		Release|x86 = Release|x86
	EndGlobalSection
	GlobalSection(ProjectConfigurationPlatforms) = postSolution
		{AFAFCC69-EA8B-487C-BAF8-5427064B184E}.Debug|Any CPU.ActiveCfg = Debug|Any CPU
		{AFAFCC69-EA8B-487C-BAF8-5427064B184E}.Debug|Any CPU.Build.0 = Debug|Any CPU
		{AFAFCC69-EA8B-487C-BAF8-5427064B184E}.Debug|Any CPU.Deploy.0 = Debug|Any CPU
		{AFAFCC69-EA8B-487C-BAF8-5427064B184E}.Debug|ARM.ActiveCfg = Debug|Any CPU
		{AFAFCC69-EA8B-487C-BAF8-5427064B184E}.Debug|ARM.Build.0 = Debug|Any CPU
		{AFAFCC69-EA8B-487C-BAF8-5427064B184E}.Debug|ARM.Deploy.0 = Debug|Any CPU
		{AFAFCC69-EA8B-487C-BAF8-5427064B184E}.Debug|ARM64.ActiveCfg = Debug|Any CPU
		{AFAFCC69-EA8B-487C-BAF8-5427064B184E}.Debug|ARM64.Build.0 = Debug|Any CPU
		{AFAFCC69-EA8B-487C-BAF8-5427064B184E}.Debug|ARM64.Deploy.0 = Debug|Any CPU
		{AFAFCC69-EA8B-487C-BAF8-5427064B184E}.Debug|iPhone.ActiveCfg = Debug|Any CPU
		{AFAFCC69-EA8B-487C-BAF8-5427064B184E}.Debug|iPhone.Build.0 = Debug|Any CPU
		{AFAFCC69-EA8B-487C-BAF8-5427064B184E}.Debug|iPhone.Deploy.0 = Debug|Any CPU
		{AFAFCC69-EA8B-487C-BAF8-5427064B184E}.Debug|iPhoneSimulator.ActiveCfg = Debug|Any CPU
		{AFAFCC69-EA8B-487C-BAF8-5427064B184E}.Debug|iPhoneSimulator.Build.0 = Debug|Any CPU
		{AFAFCC69-EA8B-487C-BAF8-5427064B184E}.Debug|iPhoneSimulator.Deploy.0 = Debug|Any CPU
		{AFAFCC69-EA8B-487C-BAF8-5427064B184E}.Debug|x64.ActiveCfg = Debug|Any CPU
		{AFAFCC69-EA8B-487C-BAF8-5427064B184E}.Debug|x64.Build.0 = Debug|Any CPU
		{AFAFCC69-EA8B-487C-BAF8-5427064B184E}.Debug|x64.Deploy.0 = Debug|Any CPU
		{AFAFCC69-EA8B-487C-BAF8-5427064B184E}.Debug|x86.ActiveCfg = Debug|Any CPU
		{AFAFCC69-EA8B-487C-BAF8-5427064B184E}.Debug|x86.Build.0 = Debug|Any CPU
		{AFAFCC69-EA8B-487C-BAF8-5427064B184E}.Debug|x86.Deploy.0 = Debug|Any CPU
		{AFAFCC69-EA8B-487C-BAF8-5427064B184E}.Release|Any CPU.ActiveCfg = Release|Any CPU
		{AFAFCC69-EA8B-487C-BAF8-5427064B184E}.Release|Any CPU.Build.0 = Release|Any CPU
		{AFAFCC69-EA8B-487C-BAF8-5427064B184E}.Release|Any CPU.Deploy.0 = Release|Any CPU
		{AFAFCC69-EA8B-487C-BAF8-5427064B184E}.Release|ARM.ActiveCfg = Release|Any CPU
		{AFAFCC69-EA8B-487C-BAF8-5427064B184E}.Release|ARM.Build.0 = Release|Any CPU
		{AFAFCC69-EA8B-487C-BAF8-5427064B184E}.Release|ARM.Deploy.0 = Release|Any CPU
		{AFAFCC69-EA8B-487C-BAF8-5427064B184E}.Release|ARM64.ActiveCfg = Release|Any CPU
		{AFAFCC69-EA8B-487C-BAF8-5427064B184E}.Release|ARM64.Build.0 = Release|Any CPU
		{AFAFCC69-EA8B-487C-BAF8-5427064B184E}.Release|ARM64.Deploy.0 = Release|Any CPU
		{AFAFCC69-EA8B-487C-BAF8-5427064B184E}.Release|iPhone.ActiveCfg = Release|Any CPU
		{AFAFCC69-EA8B-487C-BAF8-5427064B184E}.Release|iPhone.Build.0 = Release|Any CPU
		{AFAFCC69-EA8B-487C-BAF8-5427064B184E}.Release|iPhone.Deploy.0 = Release|Any CPU
		{AFAFCC69-EA8B-487C-BAF8-5427064B184E}.Release|iPhoneSimulator.ActiveCfg = Release|Any CPU
		{AFAFCC69-EA8B-487C-BAF8-5427064B184E}.Release|iPhoneSimulator.Build.0 = Release|Any CPU
		{AFAFCC69-EA8B-487C-BAF8-5427064B184E}.Release|iPhoneSimulator.Deploy.0 = Release|Any CPU
		{AFAFCC69-EA8B-487C-BAF8-5427064B184E}.Release|x64.ActiveCfg = Release|Any CPU
		{AFAFCC69-EA8B-487C-BAF8-5427064B184E}.Release|x64.Build.0 = Release|Any CPU
		{AFAFCC69-EA8B-487C-BAF8-5427064B184E}.Release|x64.Deploy.0 = Release|Any CPU
		{AFAFCC69-EA8B-487C-BAF8-5427064B184E}.Release|x86.ActiveCfg = Release|Any CPU
		{AFAFCC69-EA8B-487C-BAF8-5427064B184E}.Release|x86.Build.0 = Release|Any CPU
		{AFAFCC69-EA8B-487C-BAF8-5427064B184E}.Release|x86.Deploy.0 = Release|Any CPU
		{74271853-6E6C-4B32-A50B-26F1FC3B2F71}.Debug|Any CPU.ActiveCfg = Debug|iPhoneSimulator
		{74271853-6E6C-4B32-A50B-26F1FC3B2F71}.Debug|Any CPU.Build.0 = Debug|iPhoneSimulator
		{74271853-6E6C-4B32-A50B-26F1FC3B2F71}.Debug|Any CPU.Deploy.0 = Debug|iPhoneSimulator
		{74271853-6E6C-4B32-A50B-26F1FC3B2F71}.Debug|ARM.ActiveCfg = Debug|iPhone
		{74271853-6E6C-4B32-A50B-26F1FC3B2F71}.Debug|ARM64.ActiveCfg = Debug|iPhone
		{74271853-6E6C-4B32-A50B-26F1FC3B2F71}.Debug|iPhone.ActiveCfg = Debug|iPhone
		{74271853-6E6C-4B32-A50B-26F1FC3B2F71}.Debug|iPhone.Build.0 = Debug|iPhone
		{74271853-6E6C-4B32-A50B-26F1FC3B2F71}.Debug|iPhone.Deploy.0 = Debug|iPhone
		{74271853-6E6C-4B32-A50B-26F1FC3B2F71}.Debug|iPhoneSimulator.ActiveCfg = Debug|iPhoneSimulator
		{74271853-6E6C-4B32-A50B-26F1FC3B2F71}.Debug|iPhoneSimulator.Build.0 = Debug|iPhoneSimulator
		{74271853-6E6C-4B32-A50B-26F1FC3B2F71}.Debug|iPhoneSimulator.Deploy.0 = Debug|iPhoneSimulator
		{74271853-6E6C-4B32-A50B-26F1FC3B2F71}.Debug|x64.ActiveCfg = Debug|iPhone
		{74271853-6E6C-4B32-A50B-26F1FC3B2F71}.Debug|x86.ActiveCfg = Debug|iPhone
		{74271853-6E6C-4B32-A50B-26F1FC3B2F71}.Release|Any CPU.ActiveCfg = Release|iPhone
		{74271853-6E6C-4B32-A50B-26F1FC3B2F71}.Release|Any CPU.Build.0 = Release|iPhone
		{74271853-6E6C-4B32-A50B-26F1FC3B2F71}.Release|Any CPU.Deploy.0 = Release|iPhone
		{74271853-6E6C-4B32-A50B-26F1FC3B2F71}.Release|ARM.ActiveCfg = Release|iPhoneSimulator
		{74271853-6E6C-4B32-A50B-26F1FC3B2F71}.Release|ARM64.ActiveCfg = Release|iPhoneSimulator
		{74271853-6E6C-4B32-A50B-26F1FC3B2F71}.Release|iPhone.ActiveCfg = Release|iPhone
		{74271853-6E6C-4B32-A50B-26F1FC3B2F71}.Release|iPhone.Build.0 = Release|iPhone
		{74271853-6E6C-4B32-A50B-26F1FC3B2F71}.Release|iPhone.Deploy.0 = Release|iPhone
		{74271853-6E6C-4B32-A50B-26F1FC3B2F71}.Release|iPhoneSimulator.ActiveCfg = Release|iPhoneSimulator
		{74271853-6E6C-4B32-A50B-26F1FC3B2F71}.Release|iPhoneSimulator.Build.0 = Release|iPhoneSimulator
		{74271853-6E6C-4B32-A50B-26F1FC3B2F71}.Release|iPhoneSimulator.Deploy.0 = Release|iPhoneSimulator
		{74271853-6E6C-4B32-A50B-26F1FC3B2F71}.Release|x64.ActiveCfg = Release|iPhoneSimulator
		{74271853-6E6C-4B32-A50B-26F1FC3B2F71}.Release|x86.ActiveCfg = Release|iPhoneSimulator
		{AD3318ED-2211-46D6-AD97-C9632DAA836A}.Debug|Any CPU.ActiveCfg = Debug|Any CPU
		{AD3318ED-2211-46D6-AD97-C9632DAA836A}.Debug|Any CPU.Build.0 = Debug|Any CPU
		{AD3318ED-2211-46D6-AD97-C9632DAA836A}.Debug|Any CPU.Deploy.0 = Debug|Any CPU
		{AD3318ED-2211-46D6-AD97-C9632DAA836A}.Debug|ARM.ActiveCfg = Debug|Any CPU
		{AD3318ED-2211-46D6-AD97-C9632DAA836A}.Debug|ARM.Build.0 = Debug|Any CPU
		{AD3318ED-2211-46D6-AD97-C9632DAA836A}.Debug|ARM64.ActiveCfg = Debug|Any CPU
		{AD3318ED-2211-46D6-AD97-C9632DAA836A}.Debug|ARM64.Build.0 = Debug|Any CPU
		{AD3318ED-2211-46D6-AD97-C9632DAA836A}.Debug|iPhone.ActiveCfg = Debug|Any CPU
		{AD3318ED-2211-46D6-AD97-C9632DAA836A}.Debug|iPhone.Build.0 = Debug|Any CPU
		{AD3318ED-2211-46D6-AD97-C9632DAA836A}.Debug|iPhone.Deploy.0 = Debug|Any CPU
		{AD3318ED-2211-46D6-AD97-C9632DAA836A}.Debug|iPhoneSimulator.ActiveCfg = Debug|Any CPU
		{AD3318ED-2211-46D6-AD97-C9632DAA836A}.Debug|iPhoneSimulator.Build.0 = Debug|Any CPU
		{AD3318ED-2211-46D6-AD97-C9632DAA836A}.Debug|iPhoneSimulator.Deploy.0 = Debug|Any CPU
		{AD3318ED-2211-46D6-AD97-C9632DAA836A}.Debug|x64.ActiveCfg = Debug|Any CPU
		{AD3318ED-2211-46D6-AD97-C9632DAA836A}.Debug|x64.Build.0 = Debug|Any CPU
		{AD3318ED-2211-46D6-AD97-C9632DAA836A}.Debug|x86.ActiveCfg = Debug|Any CPU
		{AD3318ED-2211-46D6-AD97-C9632DAA836A}.Debug|x86.Build.0 = Debug|Any CPU
		{AD3318ED-2211-46D6-AD97-C9632DAA836A}.Release|Any CPU.ActiveCfg = Release|Any CPU
		{AD3318ED-2211-46D6-AD97-C9632DAA836A}.Release|Any CPU.Build.0 = Release|Any CPU
		{AD3318ED-2211-46D6-AD97-C9632DAA836A}.Release|Any CPU.Deploy.0 = Release|Any CPU
		{AD3318ED-2211-46D6-AD97-C9632DAA836A}.Release|ARM.ActiveCfg = Release|Any CPU
		{AD3318ED-2211-46D6-AD97-C9632DAA836A}.Release|ARM.Build.0 = Release|Any CPU
		{AD3318ED-2211-46D6-AD97-C9632DAA836A}.Release|ARM64.ActiveCfg = Release|Any CPU
		{AD3318ED-2211-46D6-AD97-C9632DAA836A}.Release|ARM64.Build.0 = Release|Any CPU
		{AD3318ED-2211-46D6-AD97-C9632DAA836A}.Release|iPhone.ActiveCfg = Release|Any CPU
		{AD3318ED-2211-46D6-AD97-C9632DAA836A}.Release|iPhone.Build.0 = Release|Any CPU
		{AD3318ED-2211-46D6-AD97-C9632DAA836A}.Release|iPhone.Deploy.0 = Release|Any CPU
		{AD3318ED-2211-46D6-AD97-C9632DAA836A}.Release|iPhoneSimulator.ActiveCfg = Release|Any CPU
		{AD3318ED-2211-46D6-AD97-C9632DAA836A}.Release|iPhoneSimulator.Build.0 = Release|Any CPU
		{AD3318ED-2211-46D6-AD97-C9632DAA836A}.Release|iPhoneSimulator.Deploy.0 = Release|Any CPU
		{AD3318ED-2211-46D6-AD97-C9632DAA836A}.Release|x64.ActiveCfg = Release|Any CPU
		{AD3318ED-2211-46D6-AD97-C9632DAA836A}.Release|x64.Build.0 = Release|Any CPU
		{AD3318ED-2211-46D6-AD97-C9632DAA836A}.Release|x86.ActiveCfg = Release|Any CPU
		{AD3318ED-2211-46D6-AD97-C9632DAA836A}.Release|x86.Build.0 = Release|Any CPU
		{155AB729-F46C-4C1E-8E70-EFDC8ECF786E}.Debug|Any CPU.ActiveCfg = Debug|x86
		{155AB729-F46C-4C1E-8E70-EFDC8ECF786E}.Debug|Any CPU.Build.0 = Debug|x86
		{155AB729-F46C-4C1E-8E70-EFDC8ECF786E}.Debug|Any CPU.Deploy.0 = Debug|x86
		{155AB729-F46C-4C1E-8E70-EFDC8ECF786E}.Debug|ARM.ActiveCfg = Debug|ARM
		{155AB729-F46C-4C1E-8E70-EFDC8ECF786E}.Debug|ARM.Build.0 = Debug|ARM
		{155AB729-F46C-4C1E-8E70-EFDC8ECF786E}.Debug|ARM.Deploy.0 = Debug|ARM
		{155AB729-F46C-4C1E-8E70-EFDC8ECF786E}.Debug|ARM64.ActiveCfg = Debug|ARM64
		{155AB729-F46C-4C1E-8E70-EFDC8ECF786E}.Debug|ARM64.Build.0 = Debug|ARM64
		{155AB729-F46C-4C1E-8E70-EFDC8ECF786E}.Debug|ARM64.Deploy.0 = Debug|ARM64
		{155AB729-F46C-4C1E-8E70-EFDC8ECF786E}.Debug|iPhone.ActiveCfg = Debug|x86
		{155AB729-F46C-4C1E-8E70-EFDC8ECF786E}.Debug|iPhoneSimulator.ActiveCfg = Debug|x86
		{155AB729-F46C-4C1E-8E70-EFDC8ECF786E}.Debug|x64.ActiveCfg = Debug|x64
		{155AB729-F46C-4C1E-8E70-EFDC8ECF786E}.Debug|x64.Build.0 = Debug|x64
		{155AB729-F46C-4C1E-8E70-EFDC8ECF786E}.Debug|x64.Deploy.0 = Debug|x64
		{155AB729-F46C-4C1E-8E70-EFDC8ECF786E}.Debug|x86.ActiveCfg = Debug|x86
		{155AB729-F46C-4C1E-8E70-EFDC8ECF786E}.Debug|x86.Build.0 = Debug|x86
		{155AB729-F46C-4C1E-8E70-EFDC8ECF786E}.Debug|x86.Deploy.0 = Debug|x86
		{155AB729-F46C-4C1E-8E70-EFDC8ECF786E}.Release|Any CPU.ActiveCfg = Release|x86
		{155AB729-F46C-4C1E-8E70-EFDC8ECF786E}.Release|ARM.ActiveCfg = Release|ARM
		{155AB729-F46C-4C1E-8E70-EFDC8ECF786E}.Release|ARM.Build.0 = Release|ARM
		{155AB729-F46C-4C1E-8E70-EFDC8ECF786E}.Release|ARM.Deploy.0 = Release|ARM
		{155AB729-F46C-4C1E-8E70-EFDC8ECF786E}.Release|ARM64.ActiveCfg = Release|ARM64
		{155AB729-F46C-4C1E-8E70-EFDC8ECF786E}.Release|ARM64.Build.0 = Release|ARM64
		{155AB729-F46C-4C1E-8E70-EFDC8ECF786E}.Release|ARM64.Deploy.0 = Release|ARM64
		{155AB729-F46C-4C1E-8E70-EFDC8ECF786E}.Release|iPhone.ActiveCfg = Release|x86
		{155AB729-F46C-4C1E-8E70-EFDC8ECF786E}.Release|iPhoneSimulator.ActiveCfg = Release|x86
		{155AB729-F46C-4C1E-8E70-EFDC8ECF786E}.Release|x64.ActiveCfg = Release|x64
		{155AB729-F46C-4C1E-8E70-EFDC8ECF786E}.Release|x64.Build.0 = Release|x64
		{155AB729-F46C-4C1E-8E70-EFDC8ECF786E}.Release|x64.Deploy.0 = Release|x64
		{155AB729-F46C-4C1E-8E70-EFDC8ECF786E}.Release|x86.ActiveCfg = Release|x86
		{155AB729-F46C-4C1E-8E70-EFDC8ECF786E}.Release|x86.Build.0 = Release|x86
		{155AB729-F46C-4C1E-8E70-EFDC8ECF786E}.Release|x86.Deploy.0 = Release|x86
		{CCEFB0B4-2ECA-4C14-811C-1838342F69E1}.Debug|Any CPU.ActiveCfg = Debug|Any CPU
		{CCEFB0B4-2ECA-4C14-811C-1838342F69E1}.Debug|Any CPU.Build.0 = Debug|Any CPU
		{CCEFB0B4-2ECA-4C14-811C-1838342F69E1}.Debug|ARM.ActiveCfg = Debug|Any CPU
		{CCEFB0B4-2ECA-4C14-811C-1838342F69E1}.Debug|ARM.Build.0 = Debug|Any CPU
		{CCEFB0B4-2ECA-4C14-811C-1838342F69E1}.Debug|ARM64.ActiveCfg = Debug|Any CPU
		{CCEFB0B4-2ECA-4C14-811C-1838342F69E1}.Debug|ARM64.Build.0 = Debug|Any CPU
		{CCEFB0B4-2ECA-4C14-811C-1838342F69E1}.Debug|iPhone.ActiveCfg = Debug|Any CPU
		{CCEFB0B4-2ECA-4C14-811C-1838342F69E1}.Debug|iPhone.Build.0 = Debug|Any CPU
		{CCEFB0B4-2ECA-4C14-811C-1838342F69E1}.Debug|iPhoneSimulator.ActiveCfg = Debug|Any CPU
		{CCEFB0B4-2ECA-4C14-811C-1838342F69E1}.Debug|iPhoneSimulator.Build.0 = Debug|Any CPU
		{CCEFB0B4-2ECA-4C14-811C-1838342F69E1}.Debug|x64.ActiveCfg = Debug|Any CPU
		{CCEFB0B4-2ECA-4C14-811C-1838342F69E1}.Debug|x64.Build.0 = Debug|Any CPU
		{CCEFB0B4-2ECA-4C14-811C-1838342F69E1}.Debug|x86.ActiveCfg = Debug|Any CPU
		{CCEFB0B4-2ECA-4C14-811C-1838342F69E1}.Debug|x86.Build.0 = Debug|Any CPU
		{CCEFB0B4-2ECA-4C14-811C-1838342F69E1}.Release|Any CPU.ActiveCfg = Release|Any CPU
		{CCEFB0B4-2ECA-4C14-811C-1838342F69E1}.Release|Any CPU.Build.0 = Release|Any CPU
		{CCEFB0B4-2ECA-4C14-811C-1838342F69E1}.Release|ARM.ActiveCfg = Release|Any CPU
		{CCEFB0B4-2ECA-4C14-811C-1838342F69E1}.Release|ARM.Build.0 = Release|Any CPU
		{CCEFB0B4-2ECA-4C14-811C-1838342F69E1}.Release|ARM64.ActiveCfg = Release|Any CPU
		{CCEFB0B4-2ECA-4C14-811C-1838342F69E1}.Release|ARM64.Build.0 = Release|Any CPU
		{CCEFB0B4-2ECA-4C14-811C-1838342F69E1}.Release|iPhone.ActiveCfg = Release|Any CPU
		{CCEFB0B4-2ECA-4C14-811C-1838342F69E1}.Release|iPhone.Build.0 = Release|Any CPU
		{CCEFB0B4-2ECA-4C14-811C-1838342F69E1}.Release|iPhoneSimulator.ActiveCfg = Release|Any CPU
		{CCEFB0B4-2ECA-4C14-811C-1838342F69E1}.Release|iPhoneSimulator.Build.0 = Release|Any CPU
		{CCEFB0B4-2ECA-4C14-811C-1838342F69E1}.Release|x64.ActiveCfg = Release|Any CPU
		{CCEFB0B4-2ECA-4C14-811C-1838342F69E1}.Release|x64.Build.0 = Release|Any CPU
		{CCEFB0B4-2ECA-4C14-811C-1838342F69E1}.Release|x86.ActiveCfg = Release|Any CPU
		{CCEFB0B4-2ECA-4C14-811C-1838342F69E1}.Release|x86.Build.0 = Release|Any CPU
		{70FADF6C-C2A2-454F-B0DB-D4C427A8778D}.Debug|Any CPU.ActiveCfg = Debug|Any CPU
		{70FADF6C-C2A2-454F-B0DB-D4C427A8778D}.Debug|Any CPU.Build.0 = Debug|Any CPU
		{70FADF6C-C2A2-454F-B0DB-D4C427A8778D}.Debug|ARM.ActiveCfg = Debug|Any CPU
		{70FADF6C-C2A2-454F-B0DB-D4C427A8778D}.Debug|ARM.Build.0 = Debug|Any CPU
		{70FADF6C-C2A2-454F-B0DB-D4C427A8778D}.Debug|ARM64.ActiveCfg = Debug|Any CPU
		{70FADF6C-C2A2-454F-B0DB-D4C427A8778D}.Debug|ARM64.Build.0 = Debug|Any CPU
		{70FADF6C-C2A2-454F-B0DB-D4C427A8778D}.Debug|iPhone.ActiveCfg = Debug|Any CPU
		{70FADF6C-C2A2-454F-B0DB-D4C427A8778D}.Debug|iPhone.Build.0 = Debug|Any CPU
		{70FADF6C-C2A2-454F-B0DB-D4C427A8778D}.Debug|iPhoneSimulator.ActiveCfg = Debug|Any CPU
		{70FADF6C-C2A2-454F-B0DB-D4C427A8778D}.Debug|iPhoneSimulator.Build.0 = Debug|Any CPU
		{70FADF6C-C2A2-454F-B0DB-D4C427A8778D}.Debug|x64.ActiveCfg = Debug|Any CPU
		{70FADF6C-C2A2-454F-B0DB-D4C427A8778D}.Debug|x64.Build.0 = Debug|Any CPU
		{70FADF6C-C2A2-454F-B0DB-D4C427A8778D}.Debug|x86.ActiveCfg = Debug|Any CPU
		{70FADF6C-C2A2-454F-B0DB-D4C427A8778D}.Debug|x86.Build.0 = Debug|Any CPU
		{70FADF6C-C2A2-454F-B0DB-D4C427A8778D}.Release|Any CPU.ActiveCfg = Release|Any CPU
		{70FADF6C-C2A2-454F-B0DB-D4C427A8778D}.Release|Any CPU.Build.0 = Release|Any CPU
		{70FADF6C-C2A2-454F-B0DB-D4C427A8778D}.Release|ARM.ActiveCfg = Release|Any CPU
		{70FADF6C-C2A2-454F-B0DB-D4C427A8778D}.Release|ARM.Build.0 = Release|Any CPU
		{70FADF6C-C2A2-454F-B0DB-D4C427A8778D}.Release|ARM64.ActiveCfg = Release|Any CPU
		{70FADF6C-C2A2-454F-B0DB-D4C427A8778D}.Release|ARM64.Build.0 = Release|Any CPU
		{70FADF6C-C2A2-454F-B0DB-D4C427A8778D}.Release|iPhone.ActiveCfg = Release|Any CPU
		{70FADF6C-C2A2-454F-B0DB-D4C427A8778D}.Release|iPhone.Build.0 = Release|Any CPU
		{70FADF6C-C2A2-454F-B0DB-D4C427A8778D}.Release|iPhoneSimulator.ActiveCfg = Release|Any CPU
		{70FADF6C-C2A2-454F-B0DB-D4C427A8778D}.Release|iPhoneSimulator.Build.0 = Release|Any CPU
		{70FADF6C-C2A2-454F-B0DB-D4C427A8778D}.Release|x64.ActiveCfg = Release|Any CPU
		{70FADF6C-C2A2-454F-B0DB-D4C427A8778D}.Release|x64.Build.0 = Release|Any CPU
		{70FADF6C-C2A2-454F-B0DB-D4C427A8778D}.Release|x86.ActiveCfg = Release|Any CPU
		{70FADF6C-C2A2-454F-B0DB-D4C427A8778D}.Release|x86.Build.0 = Release|Any CPU
		{00D8D049-FFAA-4759-8FC9-1ECA30777F72}.Debug|Any CPU.ActiveCfg = Debug|Any CPU
		{00D8D049-FFAA-4759-8FC9-1ECA30777F72}.Debug|Any CPU.Build.0 = Debug|Any CPU
		{00D8D049-FFAA-4759-8FC9-1ECA30777F72}.Debug|ARM.ActiveCfg = Debug|Any CPU
		{00D8D049-FFAA-4759-8FC9-1ECA30777F72}.Debug|ARM.Build.0 = Debug|Any CPU
		{00D8D049-FFAA-4759-8FC9-1ECA30777F72}.Debug|ARM64.ActiveCfg = Debug|Any CPU
		{00D8D049-FFAA-4759-8FC9-1ECA30777F72}.Debug|ARM64.Build.0 = Debug|Any CPU
		{00D8D049-FFAA-4759-8FC9-1ECA30777F72}.Debug|iPhone.ActiveCfg = Debug|Any CPU
		{00D8D049-FFAA-4759-8FC9-1ECA30777F72}.Debug|iPhone.Build.0 = Debug|Any CPU
		{00D8D049-FFAA-4759-8FC9-1ECA30777F72}.Debug|iPhoneSimulator.ActiveCfg = Debug|Any CPU
		{00D8D049-FFAA-4759-8FC9-1ECA30777F72}.Debug|iPhoneSimulator.Build.0 = Debug|Any CPU
		{00D8D049-FFAA-4759-8FC9-1ECA30777F72}.Debug|x64.ActiveCfg = Debug|Any CPU
		{00D8D049-FFAA-4759-8FC9-1ECA30777F72}.Debug|x64.Build.0 = Debug|Any CPU
		{00D8D049-FFAA-4759-8FC9-1ECA30777F72}.Debug|x86.ActiveCfg = Debug|Any CPU
		{00D8D049-FFAA-4759-8FC9-1ECA30777F72}.Debug|x86.Build.0 = Debug|Any CPU
		{00D8D049-FFAA-4759-8FC9-1ECA30777F72}.Release|Any CPU.ActiveCfg = Release|Any CPU
		{00D8D049-FFAA-4759-8FC9-1ECA30777F72}.Release|Any CPU.Build.0 = Release|Any CPU
		{00D8D049-FFAA-4759-8FC9-1ECA30777F72}.Release|ARM.ActiveCfg = Release|Any CPU
		{00D8D049-FFAA-4759-8FC9-1ECA30777F72}.Release|ARM.Build.0 = Release|Any CPU
		{00D8D049-FFAA-4759-8FC9-1ECA30777F72}.Release|ARM64.ActiveCfg = Release|Any CPU
		{00D8D049-FFAA-4759-8FC9-1ECA30777F72}.Release|ARM64.Build.0 = Release|Any CPU
		{00D8D049-FFAA-4759-8FC9-1ECA30777F72}.Release|iPhone.ActiveCfg = Release|Any CPU
		{00D8D049-FFAA-4759-8FC9-1ECA30777F72}.Release|iPhone.Build.0 = Release|Any CPU
		{00D8D049-FFAA-4759-8FC9-1ECA30777F72}.Release|iPhoneSimulator.ActiveCfg = Release|Any CPU
		{00D8D049-FFAA-4759-8FC9-1ECA30777F72}.Release|iPhoneSimulator.Build.0 = Release|Any CPU
		{00D8D049-FFAA-4759-8FC9-1ECA30777F72}.Release|x64.ActiveCfg = Release|Any CPU
		{00D8D049-FFAA-4759-8FC9-1ECA30777F72}.Release|x64.Build.0 = Release|Any CPU
		{00D8D049-FFAA-4759-8FC9-1ECA30777F72}.Release|x86.ActiveCfg = Release|Any CPU
		{00D8D049-FFAA-4759-8FC9-1ECA30777F72}.Release|x86.Build.0 = Release|Any CPU
		{06ECAA1B-0B1E-4294-ACD3-63B35C8108E0}.Debug|Any CPU.ActiveCfg = Debug|Any CPU
		{06ECAA1B-0B1E-4294-ACD3-63B35C8108E0}.Debug|Any CPU.Build.0 = Debug|Any CPU
		{06ECAA1B-0B1E-4294-ACD3-63B35C8108E0}.Debug|ARM.ActiveCfg = Debug|Any CPU
		{06ECAA1B-0B1E-4294-ACD3-63B35C8108E0}.Debug|ARM.Build.0 = Debug|Any CPU
		{06ECAA1B-0B1E-4294-ACD3-63B35C8108E0}.Debug|ARM64.ActiveCfg = Debug|Any CPU
		{06ECAA1B-0B1E-4294-ACD3-63B35C8108E0}.Debug|ARM64.Build.0 = Debug|Any CPU
		{06ECAA1B-0B1E-4294-ACD3-63B35C8108E0}.Debug|iPhone.ActiveCfg = Debug|Any CPU
		{06ECAA1B-0B1E-4294-ACD3-63B35C8108E0}.Debug|iPhone.Build.0 = Debug|Any CPU
		{06ECAA1B-0B1E-4294-ACD3-63B35C8108E0}.Debug|iPhoneSimulator.ActiveCfg = Debug|Any CPU
		{06ECAA1B-0B1E-4294-ACD3-63B35C8108E0}.Debug|iPhoneSimulator.Build.0 = Debug|Any CPU
		{06ECAA1B-0B1E-4294-ACD3-63B35C8108E0}.Debug|x64.ActiveCfg = Debug|Any CPU
		{06ECAA1B-0B1E-4294-ACD3-63B35C8108E0}.Debug|x64.Build.0 = Debug|Any CPU
		{06ECAA1B-0B1E-4294-ACD3-63B35C8108E0}.Debug|x86.ActiveCfg = Debug|Any CPU
		{06ECAA1B-0B1E-4294-ACD3-63B35C8108E0}.Debug|x86.Build.0 = Debug|Any CPU
		{06ECAA1B-0B1E-4294-ACD3-63B35C8108E0}.Release|Any CPU.ActiveCfg = Release|Any CPU
		{06ECAA1B-0B1E-4294-ACD3-63B35C8108E0}.Release|Any CPU.Build.0 = Release|Any CPU
		{06ECAA1B-0B1E-4294-ACD3-63B35C8108E0}.Release|ARM.ActiveCfg = Release|Any CPU
		{06ECAA1B-0B1E-4294-ACD3-63B35C8108E0}.Release|ARM.Build.0 = Release|Any CPU
		{06ECAA1B-0B1E-4294-ACD3-63B35C8108E0}.Release|ARM64.ActiveCfg = Release|Any CPU
		{06ECAA1B-0B1E-4294-ACD3-63B35C8108E0}.Release|ARM64.Build.0 = Release|Any CPU
		{06ECAA1B-0B1E-4294-ACD3-63B35C8108E0}.Release|iPhone.ActiveCfg = Release|Any CPU
		{06ECAA1B-0B1E-4294-ACD3-63B35C8108E0}.Release|iPhone.Build.0 = Release|Any CPU
		{06ECAA1B-0B1E-4294-ACD3-63B35C8108E0}.Release|iPhoneSimulator.ActiveCfg = Release|Any CPU
		{06ECAA1B-0B1E-4294-ACD3-63B35C8108E0}.Release|iPhoneSimulator.Build.0 = Release|Any CPU
		{06ECAA1B-0B1E-4294-ACD3-63B35C8108E0}.Release|x64.ActiveCfg = Release|Any CPU
		{06ECAA1B-0B1E-4294-ACD3-63B35C8108E0}.Release|x64.Build.0 = Release|Any CPU
		{06ECAA1B-0B1E-4294-ACD3-63B35C8108E0}.Release|x86.ActiveCfg = Release|Any CPU
		{06ECAA1B-0B1E-4294-ACD3-63B35C8108E0}.Release|x86.Build.0 = Release|Any CPU
		{271193C1-6E7C-429C-A36D-3F1BE5267231}.Debug|Any CPU.ActiveCfg = Debug|Any CPU
		{271193C1-6E7C-429C-A36D-3F1BE5267231}.Debug|Any CPU.Build.0 = Debug|Any CPU
		{271193C1-6E7C-429C-A36D-3F1BE5267231}.Debug|ARM.ActiveCfg = Debug|Any CPU
		{271193C1-6E7C-429C-A36D-3F1BE5267231}.Debug|ARM.Build.0 = Debug|Any CPU
		{271193C1-6E7C-429C-A36D-3F1BE5267231}.Debug|ARM64.ActiveCfg = Debug|Any CPU
		{271193C1-6E7C-429C-A36D-3F1BE5267231}.Debug|ARM64.Build.0 = Debug|Any CPU
		{271193C1-6E7C-429C-A36D-3F1BE5267231}.Debug|iPhone.ActiveCfg = Debug|Any CPU
		{271193C1-6E7C-429C-A36D-3F1BE5267231}.Debug|iPhone.Build.0 = Debug|Any CPU
		{271193C1-6E7C-429C-A36D-3F1BE5267231}.Debug|iPhoneSimulator.ActiveCfg = Debug|Any CPU
		{271193C1-6E7C-429C-A36D-3F1BE5267231}.Debug|iPhoneSimulator.Build.0 = Debug|Any CPU
		{271193C1-6E7C-429C-A36D-3F1BE5267231}.Debug|x64.ActiveCfg = Debug|Any CPU
		{271193C1-6E7C-429C-A36D-3F1BE5267231}.Debug|x64.Build.0 = Debug|Any CPU
		{271193C1-6E7C-429C-A36D-3F1BE5267231}.Debug|x86.ActiveCfg = Debug|Any CPU
		{271193C1-6E7C-429C-A36D-3F1BE5267231}.Debug|x86.Build.0 = Debug|Any CPU
		{271193C1-6E7C-429C-A36D-3F1BE5267231}.Release|Any CPU.ActiveCfg = Release|Any CPU
		{271193C1-6E7C-429C-A36D-3F1BE5267231}.Release|Any CPU.Build.0 = Release|Any CPU
		{271193C1-6E7C-429C-A36D-3F1BE5267231}.Release|ARM.ActiveCfg = Release|Any CPU
		{271193C1-6E7C-429C-A36D-3F1BE5267231}.Release|ARM.Build.0 = Release|Any CPU
		{271193C1-6E7C-429C-A36D-3F1BE5267231}.Release|ARM64.ActiveCfg = Release|Any CPU
		{271193C1-6E7C-429C-A36D-3F1BE5267231}.Release|ARM64.Build.0 = Release|Any CPU
		{271193C1-6E7C-429C-A36D-3F1BE5267231}.Release|iPhone.ActiveCfg = Release|Any CPU
		{271193C1-6E7C-429C-A36D-3F1BE5267231}.Release|iPhone.Build.0 = Release|Any CPU
		{271193C1-6E7C-429C-A36D-3F1BE5267231}.Release|iPhoneSimulator.ActiveCfg = Release|Any CPU
		{271193C1-6E7C-429C-A36D-3F1BE5267231}.Release|iPhoneSimulator.Build.0 = Release|Any CPU
		{271193C1-6E7C-429C-A36D-3F1BE5267231}.Release|x64.ActiveCfg = Release|Any CPU
		{271193C1-6E7C-429C-A36D-3F1BE5267231}.Release|x64.Build.0 = Release|Any CPU
		{271193C1-6E7C-429C-A36D-3F1BE5267231}.Release|x86.ActiveCfg = Release|Any CPU
		{271193C1-6E7C-429C-A36D-3F1BE5267231}.Release|x86.Build.0 = Release|Any CPU
		{0E16E70A-D6DD-4323-AD5D-363ABFF42D6A}.Debug|Any CPU.ActiveCfg = Debug|Any CPU
		{0E16E70A-D6DD-4323-AD5D-363ABFF42D6A}.Debug|Any CPU.Build.0 = Debug|Any CPU
		{0E16E70A-D6DD-4323-AD5D-363ABFF42D6A}.Debug|ARM.ActiveCfg = Debug|Any CPU
		{0E16E70A-D6DD-4323-AD5D-363ABFF42D6A}.Debug|ARM.Build.0 = Debug|Any CPU
		{0E16E70A-D6DD-4323-AD5D-363ABFF42D6A}.Debug|ARM64.ActiveCfg = Debug|Any CPU
		{0E16E70A-D6DD-4323-AD5D-363ABFF42D6A}.Debug|ARM64.Build.0 = Debug|Any CPU
		{0E16E70A-D6DD-4323-AD5D-363ABFF42D6A}.Debug|iPhone.ActiveCfg = Debug|Any CPU
		{0E16E70A-D6DD-4323-AD5D-363ABFF42D6A}.Debug|iPhone.Build.0 = Debug|Any CPU
		{0E16E70A-D6DD-4323-AD5D-363ABFF42D6A}.Debug|iPhoneSimulator.ActiveCfg = Debug|Any CPU
		{0E16E70A-D6DD-4323-AD5D-363ABFF42D6A}.Debug|iPhoneSimulator.Build.0 = Debug|Any CPU
		{0E16E70A-D6DD-4323-AD5D-363ABFF42D6A}.Debug|x64.ActiveCfg = Debug|Any CPU
		{0E16E70A-D6DD-4323-AD5D-363ABFF42D6A}.Debug|x64.Build.0 = Debug|Any CPU
		{0E16E70A-D6DD-4323-AD5D-363ABFF42D6A}.Debug|x86.ActiveCfg = Debug|Any CPU
		{0E16E70A-D6DD-4323-AD5D-363ABFF42D6A}.Debug|x86.Build.0 = Debug|Any CPU
		{0E16E70A-D6DD-4323-AD5D-363ABFF42D6A}.Release|Any CPU.ActiveCfg = Release|Any CPU
		{0E16E70A-D6DD-4323-AD5D-363ABFF42D6A}.Release|Any CPU.Build.0 = Release|Any CPU
		{0E16E70A-D6DD-4323-AD5D-363ABFF42D6A}.Release|ARM.ActiveCfg = Release|Any CPU
		{0E16E70A-D6DD-4323-AD5D-363ABFF42D6A}.Release|ARM.Build.0 = Release|Any CPU
		{0E16E70A-D6DD-4323-AD5D-363ABFF42D6A}.Release|ARM64.ActiveCfg = Release|Any CPU
		{0E16E70A-D6DD-4323-AD5D-363ABFF42D6A}.Release|ARM64.Build.0 = Release|Any CPU
		{0E16E70A-D6DD-4323-AD5D-363ABFF42D6A}.Release|iPhone.ActiveCfg = Release|Any CPU
		{0E16E70A-D6DD-4323-AD5D-363ABFF42D6A}.Release|iPhone.Build.0 = Release|Any CPU
		{0E16E70A-D6DD-4323-AD5D-363ABFF42D6A}.Release|iPhoneSimulator.ActiveCfg = Release|Any CPU
		{0E16E70A-D6DD-4323-AD5D-363ABFF42D6A}.Release|iPhoneSimulator.Build.0 = Release|Any CPU
		{0E16E70A-D6DD-4323-AD5D-363ABFF42D6A}.Release|x64.ActiveCfg = Release|Any CPU
		{0E16E70A-D6DD-4323-AD5D-363ABFF42D6A}.Release|x64.Build.0 = Release|Any CPU
		{0E16E70A-D6DD-4323-AD5D-363ABFF42D6A}.Release|x86.ActiveCfg = Release|Any CPU
		{0E16E70A-D6DD-4323-AD5D-363ABFF42D6A}.Release|x86.Build.0 = Release|Any CPU
		{3B72465B-ACAE-43AE-9327-10F372FE5F80}.Debug|Any CPU.ActiveCfg = Debug|Any CPU
		{3B72465B-ACAE-43AE-9327-10F372FE5F80}.Debug|Any CPU.Build.0 = Debug|Any CPU
		{3B72465B-ACAE-43AE-9327-10F372FE5F80}.Debug|ARM.ActiveCfg = Debug|Any CPU
		{3B72465B-ACAE-43AE-9327-10F372FE5F80}.Debug|ARM.Build.0 = Debug|Any CPU
		{3B72465B-ACAE-43AE-9327-10F372FE5F80}.Debug|ARM64.ActiveCfg = Debug|Any CPU
		{3B72465B-ACAE-43AE-9327-10F372FE5F80}.Debug|ARM64.Build.0 = Debug|Any CPU
		{3B72465B-ACAE-43AE-9327-10F372FE5F80}.Debug|iPhone.ActiveCfg = Debug|Any CPU
		{3B72465B-ACAE-43AE-9327-10F372FE5F80}.Debug|iPhone.Build.0 = Debug|Any CPU
		{3B72465B-ACAE-43AE-9327-10F372FE5F80}.Debug|iPhoneSimulator.ActiveCfg = Debug|Any CPU
		{3B72465B-ACAE-43AE-9327-10F372FE5F80}.Debug|iPhoneSimulator.Build.0 = Debug|Any CPU
		{3B72465B-ACAE-43AE-9327-10F372FE5F80}.Debug|x64.ActiveCfg = Debug|Any CPU
		{3B72465B-ACAE-43AE-9327-10F372FE5F80}.Debug|x64.Build.0 = Debug|Any CPU
		{3B72465B-ACAE-43AE-9327-10F372FE5F80}.Debug|x86.ActiveCfg = Debug|Any CPU
		{3B72465B-ACAE-43AE-9327-10F372FE5F80}.Debug|x86.Build.0 = Debug|Any CPU
		{3B72465B-ACAE-43AE-9327-10F372FE5F80}.Release|Any CPU.ActiveCfg = Release|Any CPU
		{3B72465B-ACAE-43AE-9327-10F372FE5F80}.Release|Any CPU.Build.0 = Release|Any CPU
		{3B72465B-ACAE-43AE-9327-10F372FE5F80}.Release|ARM.ActiveCfg = Release|Any CPU
		{3B72465B-ACAE-43AE-9327-10F372FE5F80}.Release|ARM.Build.0 = Release|Any CPU
		{3B72465B-ACAE-43AE-9327-10F372FE5F80}.Release|ARM64.ActiveCfg = Release|Any CPU
		{3B72465B-ACAE-43AE-9327-10F372FE5F80}.Release|ARM64.Build.0 = Release|Any CPU
		{3B72465B-ACAE-43AE-9327-10F372FE5F80}.Release|iPhone.ActiveCfg = Release|Any CPU
		{3B72465B-ACAE-43AE-9327-10F372FE5F80}.Release|iPhone.Build.0 = Release|Any CPU
		{3B72465B-ACAE-43AE-9327-10F372FE5F80}.Release|iPhoneSimulator.ActiveCfg = Release|Any CPU
		{3B72465B-ACAE-43AE-9327-10F372FE5F80}.Release|iPhoneSimulator.Build.0 = Release|Any CPU
		{3B72465B-ACAE-43AE-9327-10F372FE5F80}.Release|x64.ActiveCfg = Release|Any CPU
		{3B72465B-ACAE-43AE-9327-10F372FE5F80}.Release|x64.Build.0 = Release|Any CPU
		{3B72465B-ACAE-43AE-9327-10F372FE5F80}.Release|x86.ActiveCfg = Release|Any CPU
		{3B72465B-ACAE-43AE-9327-10F372FE5F80}.Release|x86.Build.0 = Release|Any CPU
		{633F9238-DD65-4F68-884D-D44EF461116C}.Debug|Any CPU.ActiveCfg = Debug|Any CPU
		{633F9238-DD65-4F68-884D-D44EF461116C}.Debug|Any CPU.Build.0 = Debug|Any CPU
		{633F9238-DD65-4F68-884D-D44EF461116C}.Debug|ARM.ActiveCfg = Debug|Any CPU
		{633F9238-DD65-4F68-884D-D44EF461116C}.Debug|ARM.Build.0 = Debug|Any CPU
		{633F9238-DD65-4F68-884D-D44EF461116C}.Debug|ARM64.ActiveCfg = Debug|Any CPU
		{633F9238-DD65-4F68-884D-D44EF461116C}.Debug|ARM64.Build.0 = Debug|Any CPU
		{633F9238-DD65-4F68-884D-D44EF461116C}.Debug|iPhone.ActiveCfg = Debug|Any CPU
		{633F9238-DD65-4F68-884D-D44EF461116C}.Debug|iPhone.Build.0 = Debug|Any CPU
		{633F9238-DD65-4F68-884D-D44EF461116C}.Debug|iPhoneSimulator.ActiveCfg = Debug|Any CPU
		{633F9238-DD65-4F68-884D-D44EF461116C}.Debug|iPhoneSimulator.Build.0 = Debug|Any CPU
		{633F9238-DD65-4F68-884D-D44EF461116C}.Debug|x64.ActiveCfg = Debug|Any CPU
		{633F9238-DD65-4F68-884D-D44EF461116C}.Debug|x64.Build.0 = Debug|Any CPU
		{633F9238-DD65-4F68-884D-D44EF461116C}.Debug|x86.ActiveCfg = Debug|Any CPU
		{633F9238-DD65-4F68-884D-D44EF461116C}.Debug|x86.Build.0 = Debug|Any CPU
		{633F9238-DD65-4F68-884D-D44EF461116C}.Release|Any CPU.ActiveCfg = Release|Any CPU
		{633F9238-DD65-4F68-884D-D44EF461116C}.Release|Any CPU.Build.0 = Release|Any CPU
		{633F9238-DD65-4F68-884D-D44EF461116C}.Release|ARM.ActiveCfg = Release|Any CPU
		{633F9238-DD65-4F68-884D-D44EF461116C}.Release|ARM.Build.0 = Release|Any CPU
		{633F9238-DD65-4F68-884D-D44EF461116C}.Release|ARM64.ActiveCfg = Release|Any CPU
		{633F9238-DD65-4F68-884D-D44EF461116C}.Release|ARM64.Build.0 = Release|Any CPU
		{633F9238-DD65-4F68-884D-D44EF461116C}.Release|iPhone.ActiveCfg = Release|Any CPU
		{633F9238-DD65-4F68-884D-D44EF461116C}.Release|iPhone.Build.0 = Release|Any CPU
		{633F9238-DD65-4F68-884D-D44EF461116C}.Release|iPhoneSimulator.ActiveCfg = Release|Any CPU
		{633F9238-DD65-4F68-884D-D44EF461116C}.Release|iPhoneSimulator.Build.0 = Release|Any CPU
		{633F9238-DD65-4F68-884D-D44EF461116C}.Release|x64.ActiveCfg = Release|Any CPU
		{633F9238-DD65-4F68-884D-D44EF461116C}.Release|x64.Build.0 = Release|Any CPU
		{633F9238-DD65-4F68-884D-D44EF461116C}.Release|x86.ActiveCfg = Release|Any CPU
		{633F9238-DD65-4F68-884D-D44EF461116C}.Release|x86.Build.0 = Release|Any CPU
		{20144318-B3FE-438F-B9E6-14712D8B12C2}.Debug|Any CPU.ActiveCfg = Debug|Any CPU
		{20144318-B3FE-438F-B9E6-14712D8B12C2}.Debug|Any CPU.Build.0 = Debug|Any CPU
		{20144318-B3FE-438F-B9E6-14712D8B12C2}.Debug|ARM.ActiveCfg = Debug|Any CPU
		{20144318-B3FE-438F-B9E6-14712D8B12C2}.Debug|ARM.Build.0 = Debug|Any CPU
		{20144318-B3FE-438F-B9E6-14712D8B12C2}.Debug|ARM64.ActiveCfg = Debug|Any CPU
		{20144318-B3FE-438F-B9E6-14712D8B12C2}.Debug|ARM64.Build.0 = Debug|Any CPU
		{20144318-B3FE-438F-B9E6-14712D8B12C2}.Debug|iPhone.ActiveCfg = Debug|Any CPU
		{20144318-B3FE-438F-B9E6-14712D8B12C2}.Debug|iPhone.Build.0 = Debug|Any CPU
		{20144318-B3FE-438F-B9E6-14712D8B12C2}.Debug|iPhoneSimulator.ActiveCfg = Debug|Any CPU
		{20144318-B3FE-438F-B9E6-14712D8B12C2}.Debug|iPhoneSimulator.Build.0 = Debug|Any CPU
		{20144318-B3FE-438F-B9E6-14712D8B12C2}.Debug|x64.ActiveCfg = Debug|Any CPU
		{20144318-B3FE-438F-B9E6-14712D8B12C2}.Debug|x64.Build.0 = Debug|Any CPU
		{20144318-B3FE-438F-B9E6-14712D8B12C2}.Debug|x86.ActiveCfg = Debug|Any CPU
		{20144318-B3FE-438F-B9E6-14712D8B12C2}.Debug|x86.Build.0 = Debug|Any CPU
		{20144318-B3FE-438F-B9E6-14712D8B12C2}.Release|Any CPU.ActiveCfg = Release|Any CPU
		{20144318-B3FE-438F-B9E6-14712D8B12C2}.Release|Any CPU.Build.0 = Release|Any CPU
		{20144318-B3FE-438F-B9E6-14712D8B12C2}.Release|ARM.ActiveCfg = Release|Any CPU
		{20144318-B3FE-438F-B9E6-14712D8B12C2}.Release|ARM.Build.0 = Release|Any CPU
		{20144318-B3FE-438F-B9E6-14712D8B12C2}.Release|ARM64.ActiveCfg = Release|Any CPU
		{20144318-B3FE-438F-B9E6-14712D8B12C2}.Release|ARM64.Build.0 = Release|Any CPU
		{20144318-B3FE-438F-B9E6-14712D8B12C2}.Release|iPhone.ActiveCfg = Release|Any CPU
		{20144318-B3FE-438F-B9E6-14712D8B12C2}.Release|iPhone.Build.0 = Release|Any CPU
		{20144318-B3FE-438F-B9E6-14712D8B12C2}.Release|iPhoneSimulator.ActiveCfg = Release|Any CPU
		{20144318-B3FE-438F-B9E6-14712D8B12C2}.Release|iPhoneSimulator.Build.0 = Release|Any CPU
		{20144318-B3FE-438F-B9E6-14712D8B12C2}.Release|x64.ActiveCfg = Release|Any CPU
		{20144318-B3FE-438F-B9E6-14712D8B12C2}.Release|x64.Build.0 = Release|Any CPU
		{20144318-B3FE-438F-B9E6-14712D8B12C2}.Release|x86.ActiveCfg = Release|Any CPU
		{20144318-B3FE-438F-B9E6-14712D8B12C2}.Release|x86.Build.0 = Release|Any CPU
	EndGlobalSection
	GlobalSection(SolutionProperties) = preSolution
		HideSolutionNode = FALSE
	EndGlobalSection
	GlobalSection(NestedProjects) = preSolution
		{CCEFB0B4-2ECA-4C14-811C-1838342F69E1} = {5E5233A2-4E88-409B-BC31-999719D233A4}
		{70FADF6C-C2A2-454F-B0DB-D4C427A8778D} = {5E5233A2-4E88-409B-BC31-999719D233A4}
		{00D8D049-FFAA-4759-8FC9-1ECA30777F72} = {5E5233A2-4E88-409B-BC31-999719D233A4}
		{06ECAA1B-0B1E-4294-ACD3-63B35C8108E0} = {5E5233A2-4E88-409B-BC31-999719D233A4}
		{271193C1-6E7C-429C-A36D-3F1BE5267231} = {5E5233A2-4E88-409B-BC31-999719D233A4}
		{0E16E70A-D6DD-4323-AD5D-363ABFF42D6A} = {5E5233A2-4E88-409B-BC31-999719D233A4}
		{3B72465B-ACAE-43AE-9327-10F372FE5F80} = {5E5233A2-4E88-409B-BC31-999719D233A4}
		{20144318-B3FE-438F-B9E6-14712D8B12C2} = {5E5233A2-4E88-409B-BC31-999719D233A4}
	EndGlobalSection
	GlobalSection(ExtensibilityGlobals) = postSolution
		SolutionGuid = {E28B78F3-A792-4A82-AC2D-8CEA73DD3345}
	EndGlobalSection
EndGlobal
